
Microsoft Visual Studio Solution File, Format Version 12.00
# Visual Studio 2012
Project("{8BC9CEB8-8B4A-11D0-8D11-00A0C91BC942}") = "vad", "vad.vcxproj", "{D7AB9F75-8B1F-4DDE-B974-108BBC64D8FA}"
EndProject
Global
	GlobalSection(SolutionConfigurationPlatforms) = preSolution
		Debug|Win32 = Debug|Win32
		Release|Win32 = Release|Win32
	EndGlobalSection
	GlobalSection(ProjectConfigurationPlatforms) = postSolution
		{D7AB9F75-8B1F-4DDE-B974-108BBC64D8FA}.Debug|Win32.ActiveCfg = Debug|Win32
		{D7AB9F75-8B1F-4DDE-B974-108BBC64D8FA}.Debug|Win32.Build.0 = Debug|Win32
		{D7AB9F75-8B1F-4DDE-B974-108BBC64D8FA}.Release|Win32.ActiveCfg = Release|Win32
		{D7AB9F75-8B1F-4DDE-B974-108BBC64D8FA}.Release|Win32.Build.0 = Release|Win32
	EndGlobalSection
	GlobalSection(SolutionProperties) = preSolution
		HideSolutionNode = FALSE
	EndGlobalSection
EndGlobal
