<?xml version="1.0" encoding="utf-8"?>
<Project ToolsVersion="4.0" xmlns="http://schemas.microsoft.com/developer/msbuild/2003">
  <ItemGroup>
    <Filter Include="Source Files">
      <UniqueIdentifier>{ad9934ce-44d8-4a6f-ae28-c397b15bdc89}</UniqueIdentifier>
      <Extensions>cpp;c;cxx;rc;def;r;odl;idl;hpj;bat</Extensions>
    </Filter>
    <Filter Include="Header Files">
      <UniqueIdentifier>{c1c1be15-57fb-4a03-8149-be74b91ca671}</UniqueIdentifier>
      <Extensions>h;hpp;hxx;hm;inl</Extensions>
    </Filter>
    <Filter Include="Resource Files">
      <UniqueIdentifier>{c30b00d3-2a93-437d-9208-74ae193d3230}</UniqueIdentifier>
      <Extensions>ico;cur;bmp;dlg;rc2;rct;bin;rgs;gif;jpg;jpeg;jpe</Extensions>
    </Filter>
  </ItemGroup>
  <ItemGroup>
    <ClCompile Include="vadtest.c">
      <Filter>Source Files</Filter>
    </ClCompile>
    <ClCompile Include="wb_vad.c">
      <Filter>Source Files</Filter>
    </ClCompile>
    <ClCompile Include="record.c">
      <Filter>Source Files</Filter>
    </ClCompile>
  </ItemGroup>
  <ItemGroup>
    <ClInclude Include="amr_plus.h">
      <Filter>Header Files</Filter>
    </ClInclude>
    <ClInclude Include="cnst.h">
      <Filter>Header Files</Filter>
    </ClInclude>
    <ClInclude Include="cnst_tcx_stereo.h">
      <Filter>Header Files</Filter>
    </ClInclude>
    <ClInclude Include="consts.h">
      <Filter>Header Files</Filter>
    </ClInclude>
    <ClInclude Include="int3gpp.h">
      <Filter>Header Files</Filter>
    </ClInclude>
    <ClInclude Include="mem.h">
      <Filter>Header Files</Filter>
    </ClInclude>
    <ClInclude Include="nclass.h">
      <Filter>Header Files</Filter>
    </ClInclude>
    <ClInclude Include="options.h">
      <Filter>Header Files</Filter>
    </ClInclude>
    <ClInclude Include="proto_func.h">
      <Filter>Header Files</Filter>
    </ClInclude>
    <ClInclude Include="table_decl.h">
      <Filter>Header Files</Filter>
    </ClInclude>
    <ClInclude Include="typedef.h">
      <Filter>Header Files</Filter>
    </ClInclude>
    <ClInclude Include="util_stereo_x.h">
      <Filter>Header Files</Filter>
    </ClInclude>
    <ClInclude Include="wb_vad.h">
      <Filter>Header Files</Filter>
    </ClInclude>
    <ClInclude Include="wb_vad_c.h">
      <Filter>Header Files</Filter>
    </ClInclude>
  </ItemGroup>
</Project>